
Microsoft Visual Studio Solution File, Format Version 12.00
# Visual Studio 2012
Project("{FAE04EC0-301F-11D3-BF4B-00C04F79EFBC}") = "ContosoUniversity", "ContosoUniversity\ContosoUniversity.csproj", "{63C4FCCC-4540-4897-AE73-E20CEA82F76D}"
EndProject
Global
	GlobalSection(SolutionConfigurationPlatforms) = preSolution
		Debug|Any CPU = Debug|Any CPU
		Release|Any CPU = Release|Any CPU
	EndGlobalSection
	GlobalSection(ProjectConfigurationPlatforms) = postSolution
		{63C4FCCC-4540-4897-AE73-E20CEA82F76D}.Debug|Any CPU.ActiveCfg = Debug|Any CPU
		{63C4FCCC-4540-4897-AE73-E20CEA82F76D}.Debug|Any CPU.Build.0 = Debug|Any CPU
		{63C4FCCC-4540-4897-AE73-E20CEA82F76D}.Release|Any CPU.ActiveCfg = Release|Any CPU
		{63C4FCCC-4540-4897-AE73-E20CEA82F76D}.Release|Any CPU.Build.0 = Release|Any CPU
	EndGlobalSection
	GlobalSection(SolutionProperties) = preSolution
		HideSolutionNode = FALSE
	EndGlobalSection
EndGlobal
